<Solution>
  <Project Path="1. ejercicio uno diccionario/1. ejercicio uno diccionario.csproj" Id="0171aabb-6400-4e30-9625-d2b9e6cfe558" />
  <Project Path="2. ejercicio dos diccionarios/2. ejercicio dos diccionarios.csproj" Id="5c1a7222-9935-4ec0-bb9c-7154b9d93182" />
  <Project Path="3. ejercicio tres diccionarios/3. ejercicio tres diccionarios.csproj" Id="f01eae58-e5bc-4233-9300-6f4d34111da3" />
  <Project Path="4. ejercicio cuatro de diccionarios/4. ejercicio cuatro de diccionarios.csproj" Id="f36438fa-eacd-4325-8d36-ae7ffbbad905" />
</Solution>
