<Solution>
  <Project Path="1. ejercicio uno diccionario/1. ejercicio uno diccionario.csproj" Id="0171aabb-6400-4e30-9625-d2b9e6cfe558" />
  <Project Path="2. ejercicio dos diccionarios/2. ejercicio dos diccionarios.csproj" Id="5c1a7222-9935-4ec0-bb9c-7154b9d93182" />
  <Project Path="3. ejercicio tres diccionarios/3. ejercicio tres diccionarios.csproj" Id="f01eae58-e5bc-4233-9300-6f4d34111da3" />
  <Project Path="4. ejercicio cuatro de diccionarios/4. ejercicio cuatro de diccionarios.csproj" Id="f36438fa-eacd-4325-8d36-ae7ffbbad905" />
  <Project Path="5. Ejercicio cinco  diccionarios/5. Ejercicio cinco  diccionarios.csproj" Id="4166d5dc-ab0b-4637-8356-dc0387cc6856" />
  <Project Path="6. Ejercicio seis diccionarios/6. Ejercicio seis diccionarios.csproj" Id="005b775e-c455-43db-8fa8-e265ba2db424" />
  <Project Path="7. Ejercicio siete diccionarios/7. Ejercicio siete diccionarios.csproj" Id="4083d6da-1c6f-4933-9bb8-80c95cb990be" />
</Solution>
